// !$*UTF8*$!
{
	archiveVersion = 1;
	classes = {
	};
	objectVersion = 46;
	objects = {

/* Begin PBXBuildFile section */
		86FB442918EC589800C110E8 /* Foundation.framework in Frameworks */ = {isa = PBXBuildFile; fileRef = 86FB442818EC589800C110E8 /* Foundation.framework */; };
		86FB442B18EC589800C110E8 /* CoreGraphics.framework in Frameworks */ = {isa = PBXBuildFile; fileRef = 86FB442A18EC589800C110E8 /* CoreGraphics.framework */; };
		86FB442D18EC589800C110E8 /* UIKit.framework in Frameworks */ = {isa = PBXBuildFile; fileRef = 86FB442C18EC589800C110E8 /* UIKit.framework */; };
		86FB443318EC589800C110E8 /* InfoPlist.strings in Resources */ = {isa = PBXBuildFile; fileRef = 86FB443118EC589800C110E8 /* InfoPlist.strings */; };
		86FB443518EC589800C110E8 /* main.m in Sources */ = {isa = PBXBuildFile; fileRef = 86FB443418EC589800C110E8 /* main.m */; };
		86FB443918EC589800C110E8 /* AppDelegate.m in Sources */ = {isa = PBXBuildFile; fileRef = 86FB443818EC589800C110E8 /* AppDelegate.m */; };
		86FB443B18EC589800C110E8 /* Images.xcassets in Resources */ = {isa = PBXBuildFile; fileRef = 86FB443A18EC589800C110E8 /* Images.xcassets */; };
		86FB444218EC589800C110E8 /* XCTest.framework in Frameworks */ = {isa = PBXBuildFile; fileRef = 86FB444118EC589800C110E8 /* XCTest.framework */; };
		86FB444318EC589800C110E8 /* Foundation.framework in Frameworks */ = {isa = PBXBuildFile; fileRef = 86FB442818EC589800C110E8 /* Foundation.framework */; };
		86FB444418EC589800C110E8 /* UIKit.framework in Frameworks */ = {isa = PBXBuildFile; fileRef = 86FB442C18EC589800C110E8 /* UIKit.framework */; };
		86FB444C18EC589800C110E8 /* InfoPlist.strings in Resources */ = {isa = PBXBuildFile; fileRef = 86FB444A18EC589800C110E8 /* InfoPlist.strings */; };
		86FB444E18EC589800C110E8 /* CheckieDemoTests.m in Sources */ = {isa = PBXBuildFile; fileRef = 86FB444D18EC589800C110E8 /* CheckieDemoTests.m */; };
		86FB445918EC58B600C110E8 /* MainViewController.m in Sources */ = {isa = PBXBuildFile; fileRef = 86FB445818EC58B600C110E8 /* MainViewController.m */; };
		86FB445D18EC58CE00C110E8 /* MainView.m in Sources */ = {isa = PBXBuildFile; fileRef = 86FB445C18EC58CE00C110E8 /* MainView.m */; };
		86FB448318EC5C5800C110E8 /* TNCheckBox.m in Sources */ = {isa = PBXBuildFile; fileRef = 86FB447818EC5C5800C110E8 /* TNCheckBox.m */; };
		86FB448418EC5C5800C110E8 /* TNCheckBoxSettings.m in Sources */ = {isa = PBXBuildFile; fileRef = 86FB447C18EC5C5800C110E8 /* TNCheckBoxSettings.m */; };
		86FB448518EC5C5800C110E8 /* TNCircleCheckBox.m in Sources */ = {isa = PBXBuildFile; fileRef = 86FB447E18EC5C5800C110E8 /* TNCircleCheckBox.m */; };
		86FB448618EC5C5800C110E8 /* TNImageCheckbox.m in Sources */ = {isa = PBXBuildFile; fileRef = 86FB448018EC5C5800C110E8 /* TNImageCheckbox.m */; };
		86FB448718EC5C5800C110E8 /* TNSquareCheckBox.m in Sources */ = {isa = PBXBuildFile; fileRef = 86FB448218EC5C5800C110E8 /* TNSquareCheckBox.m */; };
/* End PBXBuildFile section */

/* Begin PBXContainerItemProxy section */
		86FB444518EC589800C110E8 /* PBXContainerItemProxy */ = {
			isa = PBXContainerItemProxy;
			containerPortal = 86FB441D18EC589800C110E8 /* Project object */;
			proxyType = 1;
			remoteGlobalIDString = 86FB442418EC589800C110E8;
			remoteInfo = CheckieDemo;
		};
/* End PBXContainerItemProxy section */

/* Begin PBXFileReference section */
		86FB442518EC589800C110E8 /* CheckieDemo.app */ = {isa = PBXFileReference; explicitFileType = wrapper.application; includeInIndex = 0; path = CheckieDemo.app; sourceTree = BUILT_PRODUCTS_DIR; };
		86FB442818EC589800C110E8 /* Foundation.framework */ = {isa = PBXFileReference; lastKnownFileType = wrapper.framework; name = Foundation.framework; path = System/Library/Frameworks/Foundation.framework; sourceTree = SDKROOT; };
		86FB442A18EC589800C110E8 /* CoreGraphics.framework */ = {isa = PBXFileReference; lastKnownFileType = wrapper.framework; name = CoreGraphics.framework; path = System/Library/Frameworks/CoreGraphics.framework; sourceTree = SDKROOT; };
		86FB442C18EC589800C110E8 /* UIKit.framework */ = {isa = PBXFileReference; lastKnownFileType = wrapper.framework; name = UIKit.framework; path = System/Library/Frameworks/UIKit.framework; sourceTree = SDKROOT; };
		86FB443018EC589800C110E8 /* CheckieDemo-Info.plist */ = {isa = PBXFileReference; lastKnownFileType = text.plist.xml; path = "CheckieDemo-Info.plist"; sourceTree = "<group>"; };
		86FB443218EC589800C110E8 /* en */ = {isa = PBXFileReference; lastKnownFileType = text.plist.strings; name = en; path = en.lproj/InfoPlist.strings; sourceTree = "<group>"; };
		86FB443418EC589800C110E8 /* main.m */ = {isa = PBXFileReference; lastKnownFileType = sourcecode.c.objc; path = main.m; sourceTree = "<group>"; };
		86FB443618EC589800C110E8 /* CheckieDemo-Prefix.pch */ = {isa = PBXFileReference; lastKnownFileType = sourcecode.c.h; path = "CheckieDemo-Prefix.pch"; sourceTree = "<group>"; };
		86FB443718EC589800C110E8 /* AppDelegate.h */ = {isa = PBXFileReference; lastKnownFileType = sourcecode.c.h; path = AppDelegate.h; sourceTree = "<group>"; };
		86FB443818EC589800C110E8 /* AppDelegate.m */ = {isa = PBXFileReference; lastKnownFileType = sourcecode.c.objc; path = AppDelegate.m; sourceTree = "<group>"; };
		86FB443A18EC589800C110E8 /* Images.xcassets */ = {isa = PBXFileReference; lastKnownFileType = folder.assetcatalog; path = Images.xcassets; sourceTree = "<group>"; };
		86FB444018EC589800C110E8 /* CheckieDemoTests.xctest */ = {isa = PBXFileReference; explicitFileType = wrapper.cfbundle; includeInIndex = 0; path = CheckieDemoTests.xctest; sourceTree = BUILT_PRODUCTS_DIR; };
		86FB444118EC589800C110E8 /* XCTest.framework */ = {isa = PBXFileReference; lastKnownFileType = wrapper.framework; name = XCTest.framework; path = Library/Frameworks/XCTest.framework; sourceTree = DEVELOPER_DIR; };
		86FB444918EC589800C110E8 /* CheckieDemoTests-Info.plist */ = {isa = PBXFileReference; lastKnownFileType = text.plist.xml; path = "CheckieDemoTests-Info.plist"; sourceTree = "<group>"; };
		86FB444B18EC589800C110E8 /* en */ = {isa = PBXFileReference; lastKnownFileType = text.plist.strings; name = en; path = en.lproj/InfoPlist.strings; sourceTree = "<group>"; };
		86FB444D18EC589800C110E8 /* CheckieDemoTests.m */ = {isa = PBXFileReference; lastKnownFileType = sourcecode.c.objc; path = CheckieDemoTests.m; sourceTree = "<group>"; };
		86FB445718EC58B600C110E8 /* MainViewController.h */ = {isa = PBXFileReference; fileEncoding = 4; lastKnownFileType = sourcecode.c.h; path = MainViewController.h; sourceTree = "<group>"; };
		86FB445818EC58B600C110E8 /* MainViewController.m */ = {isa = PBXFileReference; fileEncoding = 4; lastKnownFileType = sourcecode.c.objc; path = MainViewController.m; sourceTree = "<group>"; };
		86FB445B18EC58CE00C110E8 /* MainView.h */ = {isa = PBXFileReference; fileEncoding = 4; lastKnownFileType = sourcecode.c.h; path = MainView.h; sourceTree = "<group>"; };
		86FB445C18EC58CE00C110E8 /* MainView.m */ = {isa = PBXFileReference; fileEncoding = 4; lastKnownFileType = sourcecode.c.objc; path = MainView.m; sourceTree = "<group>"; };
		86FB447718EC5C5800C110E8 /* TNCheckBox.h */ = {isa = PBXFileReference; fileEncoding = 4; lastKnownFileType = sourcecode.c.h; name = TNCheckBox.h; path = ../../checkie/TNCheckBox.h; sourceTree = "<group>"; };
		86FB447818EC5C5800C110E8 /* TNCheckBox.m */ = {isa = PBXFileReference; fileEncoding = 4; lastKnownFileType = sourcecode.c.objc; name = TNCheckBox.m; path = ../../checkie/TNCheckBox.m; sourceTree = "<group>"; };
		86FB447918EC5C5800C110E8 /* TNCheckBoxDelegate.h */ = {isa = PBXFileReference; fileEncoding = 4; lastKnownFileType = sourcecode.c.h; name = TNCheckBoxDelegate.h; path = ../../checkie/TNCheckBoxDelegate.h; sourceTree = "<group>"; };
		86FB447A18EC5C5800C110E8 /* TNCheckBoxProtocol.h */ = {isa = PBXFileReference; fileEncoding = 4; lastKnownFileType = sourcecode.c.h; name = TNCheckBoxProtocol.h; path = ../../checkie/TNCheckBoxProtocol.h; sourceTree = "<group>"; };
		86FB447B18EC5C5800C110E8 /* TNCheckBoxSettings.h */ = {isa = PBXFileReference; fileEncoding = 4; lastKnownFileType = sourcecode.c.h; name = TNCheckBoxSettings.h; path = ../../checkie/TNCheckBoxSettings.h; sourceTree = "<group>"; };
		86FB447C18EC5C5800C110E8 /* TNCheckBoxSettings.m */ = {isa = PBXFileReference; fileEncoding = 4; lastKnownFileType = sourcecode.c.objc; name = TNCheckBoxSettings.m; path = ../../checkie/TNCheckBoxSettings.m; sourceTree = "<group>"; };
		86FB447D18EC5C5800C110E8 /* TNCircleCheckBox.h */ = {isa = PBXFileReference; fileEncoding = 4; lastKnownFileType = sourcecode.c.h; name = TNCircleCheckBox.h; path = ../../checkie/TNCircleCheckBox.h; sourceTree = "<group>"; };
		86FB447E18EC5C5800C110E8 /* TNCircleCheckBox.m */ = {isa = PBXFileReference; fileEncoding = 4; lastKnownFileType = sourcecode.c.objc; name = TNCircleCheckBox.m; path = ../../checkie/TNCircleCheckBox.m; sourceTree = "<group>"; };
		86FB447F18EC5C5800C110E8 /* TNImageCheckbox.h */ = {isa = PBXFileReference; fileEncoding = 4; lastKnownFileType = sourcecode.c.h; name = TNImageCheckbox.h; path = ../../checkie/TNImageCheckbox.h; sourceTree = "<group>"; };
		86FB448018EC5C5800C110E8 /* TNImageCheckbox.m */ = {isa = PBXFileReference; fileEncoding = 4; lastKnownFileType = sourcecode.c.objc; name = TNImageCheckbox.m; path = ../../checkie/TNImageCheckbox.m; sourceTree = "<group>"; };
		86FB448118EC5C5800C110E8 /* TNSquareCheckBox.h */ = {isa = PBXFileReference; fileEncoding = 4; lastKnownFileType = sourcecode.c.h; name = TNSquareCheckBox.h; path = ../../checkie/TNSquareCheckBox.h; sourceTree = "<group>"; };
		86FB448218EC5C5800C110E8 /* TNSquareCheckBox.m */ = {isa = PBXFileReference; fileEncoding = 4; lastKnownFileType = sourcecode.c.objc; name = TNSquareCheckBox.m; path = ../../checkie/TNSquareCheckBox.m; sourceTree = "<group>"; };
/* End PBXFileReference section */

/* Begin PBXFrameworksBuildPhase section */
		86FB442218EC589800C110E8 /* Frameworks */ = {
			isa = PBXFrameworksBuildPhase;
			buildActionMask = 2147483647;
			files = (
				86FB442B18EC589800C110E8 /* CoreGraphics.framework in Frameworks */,
				86FB442D18EC589800C110E8 /* UIKit.framework in Frameworks */,
				86FB442918EC589800C110E8 /* Foundation.framework in Frameworks */,
			);
			runOnlyForDeploymentPostprocessing = 0;
		};
		86FB443D18EC589800C110E8 /* Frameworks */ = {
			isa = PBXFrameworksBuildPhase;
			buildActionMask = 2147483647;
			files = (
				86FB444218EC589800C110E8 /* XCTest.framework in Frameworks */,
				86FB444418EC589800C110E8 /* UIKit.framework in Frameworks */,
				86FB444318EC589800C110E8 /* Foundation.framework in Frameworks */,
			);
			runOnlyForDeploymentPostprocessing = 0;
		};
/* End PBXFrameworksBuildPhase section */

/* Begin PBXGroup section */
		86FB441C18EC589800C110E8 = {
			isa = PBXGroup;
			children = (
				86FB442E18EC589800C110E8 /* CheckieDemo */,
				86FB444718EC589800C110E8 /* CheckieDemoTests */,
				86FB442718EC589800C110E8 /* Frameworks */,
				86FB442618EC589800C110E8 /* Products */,
			);
			sourceTree = "<group>";
		};
		86FB442618EC589800C110E8 /* Products */ = {
			isa = PBXGroup;
			children = (
				86FB442518EC589800C110E8 /* CheckieDemo.app */,
				86FB444018EC589800C110E8 /* CheckieDemoTests.xctest */,
			);
			name = Products;
			sourceTree = "<group>";
		};
		86FB442718EC589800C110E8 /* Frameworks */ = {
			isa = PBXGroup;
			children = (
				86FB442818EC589800C110E8 /* Foundation.framework */,
				86FB442A18EC589800C110E8 /* CoreGraphics.framework */,
				86FB442C18EC589800C110E8 /* UIKit.framework */,
				86FB444118EC589800C110E8 /* XCTest.framework */,
			);
			name = Frameworks;
			sourceTree = "<group>";
		};
		86FB442E18EC589800C110E8 /* CheckieDemo */ = {
			isa = PBXGroup;
			children = (
				86FB443718EC589800C110E8 /* AppDelegate.h */,
				86FB443818EC589800C110E8 /* AppDelegate.m */,
				86FB445A18EC58BC00C110E8 /* Main View Controller */,
				86FB445E18EC592300C110E8 /* TNCheckbox */,
				86FB443A18EC589800C110E8 /* Images.xcassets */,
				86FB442F18EC589800C110E8 /* Supporting Files */,
			);
			path = CheckieDemo;
			sourceTree = "<group>";
		};
		86FB442F18EC589800C110E8 /* Supporting Files */ = {
			isa = PBXGroup;
			children = (
				86FB443018EC589800C110E8 /* CheckieDemo-Info.plist */,
				86FB443118EC589800C110E8 /* InfoPlist.strings */,
				86FB443418EC589800C110E8 /* main.m */,
				86FB443618EC589800C110E8 /* CheckieDemo-Prefix.pch */,
			);
			name = "Supporting Files";
			sourceTree = "<group>";
		};
		86FB444718EC589800C110E8 /* CheckieDemoTests */ = {
			isa = PBXGroup;
			children = (
				86FB444D18EC589800C110E8 /* CheckieDemoTests.m */,
				86FB444818EC589800C110E8 /* Supporting Files */,
			);
			path = CheckieDemoTests;
			sourceTree = "<group>";
		};
		86FB444818EC589800C110E8 /* Supporting Files */ = {
			isa = PBXGroup;
			children = (
				86FB444918EC589800C110E8 /* CheckieDemoTests-Info.plist */,
				86FB444A18EC589800C110E8 /* InfoPlist.strings */,
			);
			name = "Supporting Files";
			sourceTree = "<group>";
		};
		86FB445A18EC58BC00C110E8 /* Main View Controller */ = {
			isa = PBXGroup;
			children = (
				86FB445718EC58B600C110E8 /* MainViewController.h */,
				86FB445818EC58B600C110E8 /* MainViewController.m */,
				86FB445B18EC58CE00C110E8 /* MainView.h */,
				86FB445C18EC58CE00C110E8 /* MainView.m */,
			);
			name = "Main View Controller";
			sourceTree = "<group>";
		};
		86FB445E18EC592300C110E8 /* TNCheckbox */ = {
			isa = PBXGroup;
			children = (
				86FB447718EC5C5800C110E8 /* TNCheckBox.h */,
				86FB447818EC5C5800C110E8 /* TNCheckBox.m */,
				86FB447018EC593700C110E8 /* Protocol */,
				86FB446F18EC593200C110E8 /* Delegate */,
				86FB447118EC594000C110E8 /* Settings */,
				86FB447218EC594600C110E8 /* Checkbox types */,
			);
			name = TNCheckbox;
			sourceTree = "<group>";
		};
		86FB446F18EC593200C110E8 /* Delegate */ = {
			isa = PBXGroup;
			children = (
				86FB447918EC5C5800C110E8 /* TNCheckBoxDelegate.h */,
			);
			name = Delegate;
			sourceTree = "<group>";
		};
		86FB447018EC593700C110E8 /* Protocol */ = {
			isa = PBXGroup;
			children = (
				86FB447A18EC5C5800C110E8 /* TNCheckBoxProtocol.h */,
			);
			name = Protocol;
			sourceTree = "<group>";
		};
		86FB447118EC594000C110E8 /* Settings */ = {
			isa = PBXGroup;
			children = (
				86FB447B18EC5C5800C110E8 /* TNCheckBoxSettings.h */,
				86FB447C18EC5C5800C110E8 /* TNCheckBoxSettings.m */,
			);
			name = Settings;
			sourceTree = "<group>";
		};
		86FB447218EC594600C110E8 /* Checkbox types */ = {
			isa = PBXGroup;
			children = (
				86FB447318EC595D00C110E8 /* Circle */,
				86FB447418EC596100C110E8 /* Square */,
				86FB447518EC596600C110E8 /* Image */,
			);
			name = "Checkbox types";
			sourceTree = "<group>";
		};
		86FB447318EC595D00C110E8 /* Circle */ = {
			isa = PBXGroup;
			children = (
				86FB447D18EC5C5800C110E8 /* TNCircleCheckBox.h */,
				86FB447E18EC5C5800C110E8 /* TNCircleCheckBox.m */,
			);
			name = Circle;
			sourceTree = "<group>";
		};
		86FB447418EC596100C110E8 /* Square */ = {
			isa = PBXGroup;
			children = (
				86FB448118EC5C5800C110E8 /* TNSquareCheckBox.h */,
				86FB448218EC5C5800C110E8 /* TNSquareCheckBox.m */,
			);
			name = Square;
			sourceTree = "<group>";
		};
		86FB447518EC596600C110E8 /* Image */ = {
			isa = PBXGroup;
			children = (
				86FB447F18EC5C5800C110E8 /* TNImageCheckbox.h */,
				86FB448018EC5C5800C110E8 /* TNImageCheckbox.m */,
			);
			name = Image;
			sourceTree = "<group>";
		};
/* End PBXGroup section */

/* Begin PBXNativeTarget section */
		86FB442418EC589800C110E8 /* CheckieDemo */ = {
			isa = PBXNativeTarget;
			buildConfigurationList = 86FB445118EC589800C110E8 /* Build configuration list for PBXNativeTarget "CheckieDemo" */;
			buildPhases = (
				86FB442118EC589800C110E8 /* Sources */,
				86FB442218EC589800C110E8 /* Frameworks */,
				86FB442318EC589800C110E8 /* Resources */,
			);
			buildRules = (
			);
			dependencies = (
			);
			name = CheckieDemo;
			productName = CheckieDemo;
			productReference = 86FB442518EC589800C110E8 /* CheckieDemo.app */;
			productType = "com.apple.product-type.application";
		};
		86FB443F18EC589800C110E8 /* CheckieDemoTests */ = {
			isa = PBXNativeTarget;
			buildConfigurationList = 86FB445418EC589800C110E8 /* Build configuration list for PBXNativeTarget "CheckieDemoTests" */;
			buildPhases = (
				86FB443C18EC589800C110E8 /* Sources */,
				86FB443D18EC589800C110E8 /* Frameworks */,
				86FB443E18EC589800C110E8 /* Resources */,
			);
			buildRules = (
			);
			dependencies = (
				86FB444618EC589800C110E8 /* PBXTargetDependency */,
			);
			name = CheckieDemoTests;
			productName = CheckieDemoTests;
			productReference = 86FB444018EC589800C110E8 /* CheckieDemoTests.xctest */;
			productType = "com.apple.product-type.bundle.unit-test";
		};
/* End PBXNativeTarget section */

/* Begin PBXProject section */
		86FB441D18EC589800C110E8 /* Project object */ = {
			isa = PBXProject;
			attributes = {
				LastUpgradeCheck = 0510;
				ORGANIZATIONNAME = "Frederik Jacques";
				TargetAttributes = {
					86FB443F18EC589800C110E8 = {
						TestTargetID = 86FB442418EC589800C110E8;
					};
				};
			};
			buildConfigurationList = 86FB442018EC589800C110E8 /* Build configuration list for PBXProject "CheckieDemo" */;
			compatibilityVersion = "Xcode 3.2";
			developmentRegion = English;
			hasScannedForEncodings = 0;
			knownRegions = (
				en,
			);
			mainGroup = 86FB441C18EC589800C110E8;
			productRefGroup = 86FB442618EC589800C110E8 /* Products */;
			projectDirPath = "";
			projectRoot = "";
			targets = (
				86FB442418EC589800C110E8 /* CheckieDemo */,
				86FB443F18EC589800C110E8 /* CheckieDemoTests */,
			);
		};
/* End PBXProject section */

/* Begin PBXResourcesBuildPhase section */
		86FB442318EC589800C110E8 /* Resources */ = {
			isa = PBXResourcesBuildPhase;
			buildActionMask = 2147483647;
			files = (
				86FB443318EC589800C110E8 /* InfoPlist.strings in Resources */,
				86FB443B18EC589800C110E8 /* Images.xcassets in Resources */,
			);
			runOnlyForDeploymentPostprocessing = 0;
		};
		86FB443E18EC589800C110E8 /* Resources */ = {
			isa = PBXResourcesBuildPhase;
			buildActionMask = 2147483647;
			files = (
				86FB444C18EC589800C110E8 /* InfoPlist.strings in Resources */,
			);
			runOnlyForDeploymentPostprocessing = 0;
		};
/* End PBXResourcesBuildPhase section */

/* Begin PBXSourcesBuildPhase section */
		86FB442118EC589800C110E8 /* Sources */ = {
			isa = PBXSourcesBuildPhase;
			buildActionMask = 2147483647;
			files = (
				86FB448318EC5C5800C110E8 /* TNCheckBox.m in Sources */,
				86FB443918EC589800C110E8 /* AppDelegate.m in Sources */,
				86FB445D18EC58CE00C110E8 /* MainView.m in Sources */,
				86FB448518EC5C5800C110E8 /* TNCircleCheckBox.m in Sources */,
				86FB448618EC5C5800C110E8 /* TNImageCheckbox.m in Sources */,
				86FB445918EC58B600C110E8 /* MainViewController.m in Sources */,
				86FB448718EC5C5800C110E8 /* TNSquareCheckBox.m in Sources */,
				86FB448418EC5C5800C110E8 /* TNCheckBoxSettings.m in Sources */,
				86FB443518EC589800C110E8 /* main.m in Sources */,
			);
			runOnlyForDeploymentPostprocessing = 0;
		};
		86FB443C18EC589800C110E8 /* Sources */ = {
			isa = PBXSourcesBuildPhase;
			buildActionMask = 2147483647;
			files = (
				86FB444E18EC589800C110E8 /* CheckieDemoTests.m in Sources */,
			);
			runOnlyForDeploymentPostprocessing = 0;
		};
/* End PBXSourcesBuildPhase section */

/* Begin PBXTargetDependency section */
		86FB444618EC589800C110E8 /* PBXTargetDependency */ = {
			isa = PBXTargetDependency;
			target = 86FB442418EC589800C110E8 /* CheckieDemo */;
			targetProxy = 86FB444518EC589800C110E8 /* PBXContainerItemProxy */;
		};
/* End PBXTargetDependency section */

/* Begin PBXVariantGroup section */
		86FB443118EC589800C110E8 /* InfoPlist.strings */ = {
			isa = PBXVariantGroup;
			children = (
				86FB443218EC589800C110E8 /* en */,
			);
			name = InfoPlist.strings;
			sourceTree = "<group>";
		};
		86FB444A18EC589800C110E8 /* InfoPlist.strings */ = {
			isa = PBXVariantGroup;
			children = (
				86FB444B18EC589800C110E8 /* en */,
			);
			name = InfoPlist.strings;
			sourceTree = "<group>";
		};
/* End PBXVariantGroup section */

/* Begin XCBuildConfiguration section */
		86FB444F18EC589800C110E8 /* Debug */ = {
			isa = XCBuildConfiguration;
			buildSettings = {
				ALWAYS_SEARCH_USER_PATHS = NO;
				CLANG_CXX_LANGUAGE_STANDARD = "gnu++0x";
				CLANG_CXX_LIBRARY = "libc++";
				CLANG_ENABLE_MODULES = YES;
				CLANG_ENABLE_OBJC_ARC = YES;
				CLANG_WARN_BOOL_CONVERSION = YES;
				CLANG_WARN_CONSTANT_CONVERSION = YES;
				CLANG_WARN_DIRECT_OBJC_ISA_USAGE = YES_ERROR;
				CLANG_WARN_EMPTY_BODY = YES;
				CLANG_WARN_ENUM_CONVERSION = YES;
				CLANG_WARN_INT_CONVERSION = YES;
				CLANG_WARN_OBJC_ROOT_CLASS = YES_ERROR;
				CLANG_WARN__DUPLICATE_METHOD_MATCH = YES;
				"CODE_SIGN_IDENTITY[sdk=iphoneos*]" = "iPhone Developer";
				COPY_PHASE_STRIP = NO;
				GCC_C_LANGUAGE_STANDARD = gnu99;
				GCC_DYNAMIC_NO_PIC = NO;
				GCC_OPTIMIZATION_LEVEL = 0;
				GCC_PREPROCESSOR_DEFINITIONS = (
					"DEBUG=1",
					"$(inherited)",
				);
				GCC_SYMBOLS_PRIVATE_EXTERN = NO;
				GCC_WARN_64_TO_32_BIT_CONVERSION = YES;
				GCC_WARN_ABOUT_RETURN_TYPE = YES_ERROR;
				GCC_WARN_UNDECLARED_SELECTOR = YES;
				GCC_WARN_UNINITIALIZED_AUTOS = YES_AGGRESSIVE;
				GCC_WARN_UNUSED_FUNCTION = YES;
				GCC_WARN_UNUSED_VARIABLE = YES;
				IPHONEOS_DEPLOYMENT_TARGET = 7.1;
				ONLY_ACTIVE_ARCH = YES;
				SDKROOT = iphoneos;
			};
			name = Debug;
		};
		86FB445018EC589800C110E8 /* Release */ = {
			isa = XCBuildConfiguration;
			buildSettings = {
				ALWAYS_SEARCH_USER_PATHS = NO;
				CLANG_CXX_LANGUAGE_STANDARD = "gnu++0x";
				CLANG_CXX_LIBRARY = "libc++";
				CLANG_ENABLE_MODULES = YES;
				CLANG_ENABLE_OBJC_ARC = YES;
				CLANG_WARN_BOOL_CONVERSION = YES;
				CLANG_WARN_CONSTANT_CONVERSION = YES;
				CLANG_WARN_DIRECT_OBJC_ISA_USAGE = YES_ERROR;
				CLANG_WARN_EMPTY_BODY = YES;
				CLANG_WARN_ENUM_CONVERSION = YES;
				CLANG_WARN_INT_CONVERSION = YES;
				CLANG_WARN_OBJC_ROOT_CLASS = YES_ERROR;
				CLANG_WARN__DUPLICATE_METHOD_MATCH = YES;
				"CODE_SIGN_IDENTITY[sdk=iphoneos*]" = "iPhone Developer";
				COPY_PHASE_STRIP = YES;
				ENABLE_NS_ASSERTIONS = NO;
				GCC_C_LANGUAGE_STANDARD = gnu99;
				GCC_WARN_64_TO_32_BIT_CONVERSION = YES;
				GCC_WARN_ABOUT_RETURN_TYPE = YES_ERROR;
				GCC_WARN_UNDECLARED_SELECTOR = YES;
				GCC_WARN_UNINITIALIZED_AUTOS = YES_AGGRESSIVE;
				GCC_WARN_UNUSED_FUNCTION = YES;
				GCC_WARN_UNUSED_VARIABLE = YES;
				IPHONEOS_DEPLOYMENT_TARGET = 7.1;
				SDKROOT = iphoneos;
				VALIDATE_PRODUCT = YES;
			};
			name = Release;
		};
		86FB445218EC589800C110E8 /* Debug */ = {
			isa = XCBuildConfiguration;
			buildSettings = {
				ASSETCATALOG_COMPILER_APPICON_NAME = AppIcon;
				ASSETCATALOG_COMPILER_LAUNCHIMAGE_NAME = LaunchImage;
				GCC_PRECOMPILE_PREFIX_HEADER = YES;
				GCC_PREFIX_HEADER = "CheckieDemo/CheckieDemo-Prefix.pch";
				INFOPLIST_FILE = "CheckieDemo/CheckieDemo-Info.plist";
				PRODUCT_NAME = "$(TARGET_NAME)";
				WRAPPER_EXTENSION = app;
			};
			name = Debug;
		};
		86FB445318EC589800C110E8 /* Release */ = {
			isa = XCBuildConfiguration;
			buildSettings = {
				ASSETCATALOG_COMPILER_APPICON_NAME = AppIcon;
				ASSETCATALOG_COMPILER_LAUNCHIMAGE_NAME = LaunchImage;
				GCC_PRECOMPILE_PREFIX_HEADER = YES;
				GCC_PREFIX_HEADER = "CheckieDemo/CheckieDemo-Prefix.pch";
				INFOPLIST_FILE = "CheckieDemo/CheckieDemo-Info.plist";
				PRODUCT_NAME = "$(TARGET_NAME)";
				WRAPPER_EXTENSION = app;
			};
			name = Release;
		};
		86FB445518EC589800C110E8 /* Debug */ = {
			isa = XCBuildConfiguration;
			buildSettings = {
				BUNDLE_LOADER = "$(BUILT_PRODUCTS_DIR)/CheckieDemo.app/CheckieDemo";
				FRAMEWORK_SEARCH_PATHS = (
					"$(SDKROOT)/Developer/Library/Frameworks",
					"$(inherited)",
					"$(DEVELOPER_FRAMEWORKS_DIR)",
				);
				GCC_PRECOMPILE_PREFIX_HEADER = YES;
				GCC_PREFIX_HEADER = "CheckieDemo/CheckieDemo-Prefix.pch";
				GCC_PREPROCESSOR_DEFINITIONS = (
					"DEBUG=1",
					"$(inherited)",
				);
				INFOPLIST_FILE = "CheckieDemoTests/CheckieDemoTests-Info.plist";
				PRODUCT_NAME = "$(TARGET_NAME)";
				TEST_HOST = "$(BUNDLE_LOADER)";
				WRAPPER_EXTENSION = xctest;
			};
			name = Debug;
		};
		86FB445618EC589800C110E8 /* Release */ = {
			isa = XCBuildConfiguration;
			buildSettings = {
				BUNDLE_LOADER = "$(BUILT_PRODUCTS_DIR)/CheckieDemo.app/CheckieDemo";
				FRAMEWORK_SEARCH_PATHS = (
					"$(SDKROOT)/Developer/Library/Frameworks",
					"$(inherited)",
					"$(DEVELOPER_FRAMEWORKS_DIR)",
				);
				GCC_PRECOMPILE_PREFIX_HEADER = YES;
				GCC_PREFIX_HEADER = "CheckieDemo/CheckieDemo-Prefix.pch";
				INFOPLIST_FILE = "CheckieDemoTests/CheckieDemoTests-Info.plist";
				PRODUCT_NAME = "$(TARGET_NAME)";
				TEST_HOST = "$(BUNDLE_LOADER)";
				WRAPPER_EXTENSION = xctest;
			};
			name = Release;
		};
/* End XCBuildConfiguration section */

/* Begin XCConfigurationList section */
		86FB442018EC589800C110E8 /* Build configuration list for PBXProject "CheckieDemo" */ = {
			isa = XCConfigurationList;
			buildConfigurations = (
				86FB444F18EC589800C110E8 /* Debug */,
				86FB445018EC589800C110E8 /* Release */,
			);
			defaultConfigurationIsVisible = 0;
			defaultConfigurationName = Release;
		};
		86FB445118EC589800C110E8 /* Build configuration list for PBXNativeTarget "CheckieDemo" */ = {
			isa = XCConfigurationList;
			buildConfigurations = (
				86FB445218EC589800C110E8 /* Debug */,
				86FB445318EC589800C110E8 /* Release */,
			);
			defaultConfigurationIsVisible = 0;
			defaultConfigurationName = Release;
		};
		86FB445418EC589800C110E8 /* Build configuration list for PBXNativeTarget "CheckieDemoTests" */ = {
			isa = XCConfigurationList;
			buildConfigurations = (
				86FB445518EC589800C110E8 /* Debug */,
				86FB445618EC589800C110E8 /* Release */,
			);
			defaultConfigurationIsVisible = 0;
			defaultConfigurationName = Release;
		};
/* End XCConfigurationList section */
	};
	rootObject = 86FB441D18EC589800C110E8 /* Project object */;
}
